
Microsoft Visual Studio Solution File, Format Version 12.00
# Visual Studio Version 17
VisualStudioVersion = 17.13.35825.156
MinimumVisualStudioVersion = 10.0.40219.1
Project("{FAE04EC0-301F-11D3-BF4B-00C04F79EFBC}") = "GestionAcademicaAPI", "GestionAcademicaAPI.csproj", "{DBE2E7EB-4618-0DDA-D23B-9FB42AF8321C}"
EndProject
Global
	GlobalSection(SolutionConfigurationPlatforms) = preSolution
		Debug|Any CPU = Debug|Any CPU
		Release|Any CPU = Release|Any CPU
	EndGlobalSection
	GlobalSection(ProjectConfigurationPlatforms) = postSolution
		{DBE2E7EB-4618-0DDA-D23B-9FB42AF8321C}.Debug|Any CPU.ActiveCfg = Debug|Any CPU
		{DBE2E7EB-4618-0DDA-D23B-9FB42AF8321C}.Debug|Any CPU.Build.0 = Debug|Any CPU
		{DBE2E7EB-4618-0DDA-D23B-9FB42AF8321C}.Release|Any CPU.ActiveCfg = Release|Any CPU
		{DBE2E7EB-4618-0DDA-D23B-9FB42AF8321C}.Release|Any CPU.Build.0 = Release|Any CPU
	EndGlobalSection
	GlobalSection(SolutionProperties) = preSolution
		HideSolutionNode = FALSE
	EndGlobalSection
	GlobalSection(ExtensibilityGlobals) = postSolution
		SolutionGuid = {FB683C75-EDAF-4E26-8E72-F99CAE455691}
	EndGlobalSection
EndGlobal
